
Microsoft Visual Studio Solution File, Format Version 12.00
# Visual Studio Version 17
VisualStudioVersion = 17.7.34009.444
MinimumVisualStudioVersion = 10.0.40219.1
Project("{FAE04EC0-301F-11D3-BF4B-00C04F79EFBC}") = "SegundoExamen", "SegundoExamen.csproj", "{84F622B0-E7AF-4774-B005-F48D1550E93A}"
EndProject
Global
	GlobalSection(SolutionConfigurationPlatforms) = preSolution
		Debug|Any CPU = Debug|Any CPU
		Release|Any CPU = Release|Any CPU
	EndGlobalSection
	GlobalSection(ProjectConfigurationPlatforms) = postSolution
		{84F622B0-E7AF-4774-B005-F48D1550E93A}.Debug|Any CPU.ActiveCfg = Debug|Any CPU
		{84F622B0-E7AF-4774-B005-F48D1550E93A}.Debug|Any CPU.Build.0 = Debug|Any CPU
		{84F622B0-E7AF-4774-B005-F48D1550E93A}.Release|Any CPU.ActiveCfg = Release|Any CPU
		{84F622B0-E7AF-4774-B005-F48D1550E93A}.Release|Any CPU.Build.0 = Release|Any CPU
	EndGlobalSection
	GlobalSection(SolutionProperties) = preSolution
		HideSolutionNode = FALSE
	EndGlobalSection
	GlobalSection(ExtensibilityGlobals) = postSolution
		SolutionGuid = {D78FE76D-2AC3-4741-9251-A1DE636A5CA6}
	EndGlobalSection
EndGlobal
